// !$*UTF8*$!
{
	archiveVersion = 1;
	classes = {
	};
	objectVersion = 50;
	objects = {

/* Begin PBXBuildFile section */
		18F88D5B43D28EB87EF3BFF7 /* Pods_Character_Path_Animation.framework in Frameworks */ = {isa = PBXBuildFile; fileRef = 575B2F9BFFA18AB0C8306F06 /* Pods_Character_Path_Animation.framework */; };
		D6A5085A22BA329A00BE134E /* main.swift in Sources */ = {isa = PBXBuildFile; fileRef = D6A5085922BA329A00BE134E /* main.swift */; };
		D6A5086422BA346400BE134E /* Parser.swift in Sources */ = {isa = PBXBuildFile; fileRef = D6A5086322BA346400BE134E /* Parser.swift */; };
/* End PBXBuildFile section */

/* Begin PBXCopyFilesBuildPhase section */
		D6A5085422BA329A00BE134E /* CopyFiles */ = {
			isa = PBXCopyFilesBuildPhase;
			buildActionMask = 2147483647;
			dstPath = /usr/share/man/man1/;
			dstSubfolderSpec = 0;
			files = (
			);
			runOnlyForDeploymentPostprocessing = 1;
		};
/* End PBXCopyFilesBuildPhase section */

/* Begin PBXFileReference section */
		02A8A8AF1EE81A87C37F2EE7 /* Pods-Character Path Animation.release.xcconfig */ = {isa = PBXFileReference; includeInIndex = 1; lastKnownFileType = text.xcconfig; name = "Pods-Character Path Animation.release.xcconfig"; path = "Pods/Target Support Files/Pods-Character Path Animation/Pods-Character Path Animation.release.xcconfig"; sourceTree = "<group>"; };
		575B2F9BFFA18AB0C8306F06 /* Pods_Character_Path_Animation.framework */ = {isa = PBXFileReference; explicitFileType = wrapper.framework; includeInIndex = 0; path = Pods_Character_Path_Animation.framework; sourceTree = BUILT_PRODUCTS_DIR; };
		C3479495F7FADD094429F792 /* Pods-Character Path Animation.debug.xcconfig */ = {isa = PBXFileReference; includeInIndex = 1; lastKnownFileType = text.xcconfig; name = "Pods-Character Path Animation.debug.xcconfig"; path = "Pods/Target Support Files/Pods-Character Path Animation/Pods-Character Path Animation.debug.xcconfig"; sourceTree = "<group>"; };
		D6A5085622BA329A00BE134E /* Character Path Animation */ = {isa = PBXFileReference; explicitFileType = "compiled.mach-o.executable"; includeInIndex = 0; path = "Character Path Animation"; sourceTree = BUILT_PRODUCTS_DIR; };
		D6A5085922BA329A00BE134E /* main.swift */ = {isa = PBXFileReference; lastKnownFileType = sourcecode.swift; path = main.swift; sourceTree = "<group>"; };
		D6A5086022BA33C600BE134E /* Character.json */ = {isa = PBXFileReference; fileEncoding = 4; lastKnownFileType = text.json; path = Character.json; sourceTree = "<group>"; };
		D6A5086122BA33D500BE134E /* Animation.playground */ = {isa = PBXFileReference; lastKnownFileType = file.playground; path = Animation.playground; sourceTree = "<group>"; xcLanguageSpecificationIdentifier = xcode.lang.swift; };
		D6A5086322BA346400BE134E /* Parser.swift */ = {isa = PBXFileReference; lastKnownFileType = sourcecode.swift; path = Parser.swift; sourceTree = "<group>"; };
/* End PBXFileReference section */

/* Begin PBXFrameworksBuildPhase section */
		D6A5085322BA329A00BE134E /* Frameworks */ = {
			isa = PBXFrameworksBuildPhase;
			buildActionMask = 2147483647;
			files = (
				18F88D5B43D28EB87EF3BFF7 /* Pods_Character_Path_Animation.framework in Frameworks */,
			);
			runOnlyForDeploymentPostprocessing = 0;
		};
/* End PBXFrameworksBuildPhase section */

/* Begin PBXGroup section */
		6704652DC73A8A4C2FCECFB5 /* Frameworks */ = {
			isa = PBXGroup;
			children = (
				575B2F9BFFA18AB0C8306F06 /* Pods_Character_Path_Animation.framework */,
			);
			name = Frameworks;
			sourceTree = "<group>";
		};
		C3387062226D7D598F14F8EF /* Pods */ = {
			isa = PBXGroup;
			children = (
				C3479495F7FADD094429F792 /* Pods-Character Path Animation.debug.xcconfig */,
				02A8A8AF1EE81A87C37F2EE7 /* Pods-Character Path Animation.release.xcconfig */,
			);
			name = Pods;
			sourceTree = "<group>";
		};
		D6A5084D22BA329A00BE134E = {
			isa = PBXGroup;
			children = (
				D6A5086122BA33D500BE134E /* Animation.playground */,
				D6A5085822BA329A00BE134E /* Character Path Animation */,
				D6A5085722BA329A00BE134E /* Products */,
				C3387062226D7D598F14F8EF /* Pods */,
				6704652DC73A8A4C2FCECFB5 /* Frameworks */,
			);
			sourceTree = "<group>";
		};
		D6A5085722BA329A00BE134E /* Products */ = {
			isa = PBXGroup;
			children = (
				D6A5085622BA329A00BE134E /* Character Path Animation */,
			);
			name = Products;
			sourceTree = "<group>";
		};
		D6A5085822BA329A00BE134E /* Character Path Animation */ = {
			isa = PBXGroup;
			children = (
				D6A5086022BA33C600BE134E /* Character.json */,
				D6A5085922BA329A00BE134E /* main.swift */,
				D6A5086322BA346400BE134E /* Parser.swift */,
			);
			path = "Character Path Animation";
			sourceTree = "<group>";
		};
/* End PBXGroup section */

/* Begin PBXNativeTarget section */
		D6A5085522BA329A00BE134E /* Character Path Animation */ = {
			isa = PBXNativeTarget;
			buildConfigurationList = D6A5085D22BA329A00BE134E /* Build configuration list for PBXNativeTarget "Character Path Animation" */;
			buildPhases = (
				206D831BE00048DA587C5FEA /* [CP] Check Pods Manifest.lock */,
				D6A5085222BA329A00BE134E /* Sources */,
				D6A5085322BA329A00BE134E /* Frameworks */,
				D6A5085422BA329A00BE134E /* CopyFiles */,
			);
			buildRules = (
			);
			dependencies = (
			);
			name = "Character Path Animation";
			productName = "Character Path Animation";
			productReference = D6A5085622BA329A00BE134E /* Character Path Animation */;
			productType = "com.apple.product-type.tool";
		};
/* End PBXNativeTarget section */

/* Begin PBXProject section */
		D6A5084E22BA329A00BE134E /* Project object */ = {
			isa = PBXProject;
			attributes = {
				LastSwiftUpdateCheck = 1020;
				LastUpgradeCheck = 1020;
				ORGANIZATIONNAME = "Harshavardhan K";
				TargetAttributes = {
					D6A5085522BA329A00BE134E = {
						CreatedOnToolsVersion = 10.2.1;
					};
				};
			};
			buildConfigurationList = D6A5085122BA329A00BE134E /* Build configuration list for PBXProject "Character Path Animation" */;
			compatibilityVersion = "Xcode 9.3";
			developmentRegion = en;
			hasScannedForEncodings = 0;
			knownRegions = (
				en,
			);
			mainGroup = D6A5084D22BA329A00BE134E;
			productRefGroup = D6A5085722BA329A00BE134E /* Products */;
			projectDirPath = "";
			projectRoot = "";
			targets = (
				D6A5085522BA329A00BE134E /* Character Path Animation */,
			);
		};
/* End PBXProject section */

/* Begin PBXShellScriptBuildPhase section */
		206D831BE00048DA587C5FEA /* [CP] Check Pods Manifest.lock */ = {
			isa = PBXShellScriptBuildPhase;
			buildActionMask = 2147483647;
			files = (
			);
			inputPaths = (
				"${PODS_PODFILE_DIR_PATH}/Podfile.lock",
				"${PODS_ROOT}/Manifest.lock",
			);
			name = "[CP] Check Pods Manifest.lock";
			outputPaths = (
				"$(DERIVED_FILE_DIR)/Pods-Character Path Animation-checkManifestLockResult.txt",
			);
			runOnlyForDeploymentPostprocessing = 0;
			shellPath = /bin/sh;
			shellScript = "diff \"${PODS_PODFILE_DIR_PATH}/Podfile.lock\" \"${PODS_ROOT}/Manifest.lock\" > /dev/null\nif [ $? != 0 ] ; then\n    # print error to STDERR\n    echo \"error: The sandbox is not in sync with the Podfile.lock. Run 'pod install' or update your CocoaPods installation.\" >&2\n    exit 1\nfi\n# This output is used by Xcode 'outputs' to avoid re-running this script phase.\necho \"SUCCESS\" > \"${SCRIPT_OUTPUT_FILE_0}\"\n";
			showEnvVarsInLog = 0;
		};
/* End PBXShellScriptBuildPhase section */

/* Begin PBXSourcesBuildPhase section */
		D6A5085222BA329A00BE134E /* Sources */ = {
			isa = PBXSourcesBuildPhase;
			buildActionMask = 2147483647;
			files = (
				D6A5086422BA346400BE134E /* Parser.swift in Sources */,
				D6A5085A22BA329A00BE134E /* main.swift in Sources */,
			);
			runOnlyForDeploymentPostprocessing = 0;
		};
/* End PBXSourcesBuildPhase section */

/* Begin XCBuildConfiguration section */
		D6A5085B22BA329A00BE134E /* Debug */ = {
			isa = XCBuildConfiguration;
			buildSettings = {
				ALWAYS_SEARCH_USER_PATHS = NO;
				CLANG_ANALYZER_NONNULL = YES;
				CLANG_ANALYZER_NUMBER_OBJECT_CONVERSION = YES_AGGRESSIVE;
				CLANG_CXX_LANGUAGE_STANDARD = "gnu++14";
				CLANG_CXX_LIBRARY = "libc++";
				CLANG_ENABLE_MODULES = YES;
				CLANG_ENABLE_OBJC_ARC = YES;
				CLANG_ENABLE_OBJC_WEAK = YES;
				CLANG_WARN_BLOCK_CAPTURE_AUTORELEASING = YES;
				CLANG_WARN_BOOL_CONVERSION = YES;
				CLANG_WARN_COMMA = YES;
				CLANG_WARN_CONSTANT_CONVERSION = YES;
				CLANG_WARN_DEPRECATED_OBJC_IMPLEMENTATIONS = YES;
				CLANG_WARN_DIRECT_OBJC_ISA_USAGE = YES_ERROR;
				CLANG_WARN_DOCUMENTATION_COMMENTS = YES;
				CLANG_WARN_EMPTY_BODY = YES;
				CLANG_WARN_ENUM_CONVERSION = YES;
				CLANG_WARN_INFINITE_RECURSION = YES;
				CLANG_WARN_INT_CONVERSION = YES;
				CLANG_WARN_NON_LITERAL_NULL_CONVERSION = YES;
				CLANG_WARN_OBJC_IMPLICIT_RETAIN_SELF = YES;
				CLANG_WARN_OBJC_LITERAL_CONVERSION = YES;
				CLANG_WARN_OBJC_ROOT_CLASS = YES_ERROR;
				CLANG_WARN_RANGE_LOOP_ANALYSIS = YES;
				CLANG_WARN_STRICT_PROTOTYPES = YES;
				CLANG_WARN_SUSPICIOUS_MOVE = YES;
				CLANG_WARN_UNGUARDED_AVAILABILITY = YES_AGGRESSIVE;
				CLANG_WARN_UNREACHABLE_CODE = YES;
				CLANG_WARN__DUPLICATE_METHOD_MATCH = YES;
				CODE_SIGN_IDENTITY = "Mac Developer";
				COPY_PHASE_STRIP = NO;
				DEBUG_INFORMATION_FORMAT = dwarf;
				ENABLE_STRICT_OBJC_MSGSEND = YES;
				ENABLE_TESTABILITY = YES;
				GCC_C_LANGUAGE_STANDARD = gnu11;
				GCC_DYNAMIC_NO_PIC = NO;
				GCC_NO_COMMON_BLOCKS = YES;
				GCC_OPTIMIZATION_LEVEL = 0;
				GCC_PREPROCESSOR_DEFINITIONS = (
					"DEBUG=1",
					"$(inherited)",
				);
				GCC_WARN_64_TO_32_BIT_CONVERSION = YES;
				GCC_WARN_ABOUT_RETURN_TYPE = YES_ERROR;
				GCC_WARN_UNDECLARED_SELECTOR = YES;
				GCC_WARN_UNINITIALIZED_AUTOS = YES_AGGRESSIVE;
				GCC_WARN_UNUSED_FUNCTION = YES;
				GCC_WARN_UNUSED_VARIABLE = YES;
				MACOSX_DEPLOYMENT_TARGET = 10.14;
				MTL_ENABLE_DEBUG_INFO = INCLUDE_SOURCE;
				MTL_FAST_MATH = YES;
				ONLY_ACTIVE_ARCH = YES;
				SDKROOT = macosx;
				SWIFT_ACTIVE_COMPILATION_CONDITIONS = DEBUG;
				SWIFT_OPTIMIZATION_LEVEL = "-Onone";
			};
			name = Debug;
		};
		D6A5085C22BA329A00BE134E /* Release */ = {
			isa = XCBuildConfiguration;
			buildSettings = {
				ALWAYS_SEARCH_USER_PATHS = NO;
				CLANG_ANALYZER_NONNULL = YES;
				CLANG_ANALYZER_NUMBER_OBJECT_CONVERSION = YES_AGGRESSIVE;
				CLANG_CXX_LANGUAGE_STANDARD = "gnu++14";
				CLANG_CXX_LIBRARY = "libc++";
				CLANG_ENABLE_MODULES = YES;
				CLANG_ENABLE_OBJC_ARC = YES;
				CLANG_ENABLE_OBJC_WEAK = YES;
				CLANG_WARN_BLOCK_CAPTURE_AUTORELEASING = YES;
				CLANG_WARN_BOOL_CONVERSION = YES;
				CLANG_WARN_COMMA = YES;
				CLANG_WARN_CONSTANT_CONVERSION = YES;
				CLANG_WARN_DEPRECATED_OBJC_IMPLEMENTATIONS = YES;
				CLANG_WARN_DIRECT_OBJC_ISA_USAGE = YES_ERROR;
				CLANG_WARN_DOCUMENTATION_COMMENTS = YES;
				CLANG_WARN_EMPTY_BODY = YES;
				CLANG_WARN_ENUM_CONVERSION = YES;
				CLANG_WARN_INFINITE_RECURSION = YES;
				CLANG_WARN_INT_CONVERSION = YES;
				CLANG_WARN_NON_LITERAL_NULL_CONVERSION = YES;
				CLANG_WARN_OBJC_IMPLICIT_RETAIN_SELF = YES;
				CLANG_WARN_OBJC_LITERAL_CONVERSION = YES;
				CLANG_WARN_OBJC_ROOT_CLASS = YES_ERROR;
				CLANG_WARN_RANGE_LOOP_ANALYSIS = YES;
				CLANG_WARN_STRICT_PROTOTYPES = YES;
				CLANG_WARN_SUSPICIOUS_MOVE = YES;
				CLANG_WARN_UNGUARDED_AVAILABILITY = YES_AGGRESSIVE;
				CLANG_WARN_UNREACHABLE_CODE = YES;
				CLANG_WARN__DUPLICATE_METHOD_MATCH = YES;
				CODE_SIGN_IDENTITY = "Mac Developer";
				COPY_PHASE_STRIP = NO;
				DEBUG_INFORMATION_FORMAT = "dwarf-with-dsym";
				ENABLE_NS_ASSERTIONS = NO;
				ENABLE_STRICT_OBJC_MSGSEND = YES;
				GCC_C_LANGUAGE_STANDARD = gnu11;
				GCC_NO_COMMON_BLOCKS = YES;
				GCC_WARN_64_TO_32_BIT_CONVERSION = YES;
				GCC_WARN_ABOUT_RETURN_TYPE = YES_ERROR;
				GCC_WARN_UNDECLARED_SELECTOR = YES;
				GCC_WARN_UNINITIALIZED_AUTOS = YES_AGGRESSIVE;
				GCC_WARN_UNUSED_FUNCTION = YES;
				GCC_WARN_UNUSED_VARIABLE = YES;
				MACOSX_DEPLOYMENT_TARGET = 10.14;
				MTL_ENABLE_DEBUG_INFO = NO;
				MTL_FAST_MATH = YES;
				SDKROOT = macosx;
				SWIFT_COMPILATION_MODE = wholemodule;
				SWIFT_OPTIMIZATION_LEVEL = "-O";
			};
			name = Release;
		};
		D6A5085E22BA329A00BE134E /* Debug */ = {
			isa = XCBuildConfiguration;
			baseConfigurationReference = C3479495F7FADD094429F792 /* Pods-Character Path Animation.debug.xcconfig */;
			buildSettings = {
				CODE_SIGN_STYLE = Automatic;
				DEVELOPMENT_TEAM = 9Z34Y633MA;
				PRODUCT_NAME = "$(TARGET_NAME)";
				SWIFT_VERSION = 5.0;
			};
			name = Debug;
		};
		D6A5085F22BA329A00BE134E /* Release */ = {
			isa = XCBuildConfiguration;
			baseConfigurationReference = 02A8A8AF1EE81A87C37F2EE7 /* Pods-Character Path Animation.release.xcconfig */;
			buildSettings = {
				CODE_SIGN_STYLE = Automatic;
				DEVELOPMENT_TEAM = 9Z34Y633MA;
				PRODUCT_NAME = "$(TARGET_NAME)";
				SWIFT_VERSION = 5.0;
			};
			name = Release;
		};
/* End XCBuildConfiguration section */

/* Begin XCConfigurationList section */
		D6A5085122BA329A00BE134E /* Build configuration list for PBXProject "Character Path Animation" */ = {
			isa = XCConfigurationList;
			buildConfigurations = (
				D6A5085B22BA329A00BE134E /* Debug */,
				D6A5085C22BA329A00BE134E /* Release */,
			);
			defaultConfigurationIsVisible = 0;
			defaultConfigurationName = Release;
		};
		D6A5085D22BA329A00BE134E /* Build configuration list for PBXNativeTarget "Character Path Animation" */ = {
			isa = XCConfigurationList;
			buildConfigurations = (
				D6A5085E22BA329A00BE134E /* Debug */,
				D6A5085F22BA329A00BE134E /* Release */,
			);
			defaultConfigurationIsVisible = 0;
			defaultConfigurationName = Release;
		};
/* End XCConfigurationList section */
	};
	rootObject = D6A5084E22BA329A00BE134E /* Project object */;
}
